
Microsoft Visual Studio Solution File, Format Version 12.00
# Visual Studio Version 16
VisualStudioVersion = 16.0.32002.261
MinimumVisualStudioVersion = 10.0.40219.1
Project("{9A19103F-16F7-4668-BE54-9A1E7A4F7556}") = "Mission5", "Mission4\Mission5.csproj", "{66812B2C-0225-4572-8EA8-9B1D9F6E10AE}"
EndProject
Global
	GlobalSection(SolutionConfigurationPlatforms) = preSolution
		Debug|Any CPU = Debug|Any CPU
		Release|Any CPU = Release|Any CPU
	EndGlobalSection
	GlobalSection(ProjectConfigurationPlatforms) = postSolution
		{66812B2C-0225-4572-8EA8-9B1D9F6E10AE}.Debug|Any CPU.ActiveCfg = Debug|Any CPU
		{66812B2C-0225-4572-8EA8-9B1D9F6E10AE}.Debug|Any CPU.Build.0 = Debug|Any CPU
		{66812B2C-0225-4572-8EA8-9B1D9F6E10AE}.Release|Any CPU.ActiveCfg = Release|Any CPU
		{66812B2C-0225-4572-8EA8-9B1D9F6E10AE}.Release|Any CPU.Build.0 = Release|Any CPU
	EndGlobalSection
	GlobalSection(SolutionProperties) = preSolution
		HideSolutionNode = FALSE
	EndGlobalSection
	GlobalSection(ExtensibilityGlobals) = postSolution
		SolutionGuid = {299FE124-DDA7-4189-8377-24434DE9E048}
	EndGlobalSection
EndGlobal
